
Microsoft Visual Studio Solution File, Format Version 12.00
# Visual Studio Version 17
VisualStudioVersion = 17.14.36623.8 d17.14
MinimumVisualStudioVersion = 10.0.40219.1
Project("{8BC9CEB8-8B4A-11D0-8D11-00A0C91BC942}") = "SEM_PROJECT", "SEM_PROJECT\SEM_PROJECT.vcxproj", "{B5C0C390-6AA7-4059-B755-1E629F62D3C9}"
EndProject
Global
	GlobalSection(SolutionConfigurationPlatforms) = preSolution
		Debug|x64 = Debug|x64
		Debug|x86 = Debug|x86
		Release|x64 = Release|x64
		Release|x86 = Release|x86
	EndGlobalSection
	GlobalSection(ProjectConfigurationPlatforms) = postSolution
		{B5C0C390-6AA7-4059-B755-1E629F62D3C9}.Debug|x64.ActiveCfg = Debug|x64
		{B5C0C390-6AA7-4059-B755-1E629F62D3C9}.Debug|x64.Build.0 = Debug|x64
		{B5C0C390-6AA7-4059-B755-1E629F62D3C9}.Debug|x86.ActiveCfg = Debug|Win32
		{B5C0C390-6AA7-4059-B755-1E629F62D3C9}.Debug|x86.Build.0 = Debug|Win32
		{B5C0C390-6AA7-4059-B755-1E629F62D3C9}.Release|x64.ActiveCfg = Release|x64
		{B5C0C390-6AA7-4059-B755-1E629F62D3C9}.Release|x64.Build.0 = Release|x64
		{B5C0C390-6AA7-4059-B755-1E629F62D3C9}.Release|x86.ActiveCfg = Release|Win32
		{B5C0C390-6AA7-4059-B755-1E629F62D3C9}.Release|x86.Build.0 = Release|Win32
	EndGlobalSection
	GlobalSection(SolutionProperties) = preSolution
		HideSolutionNode = FALSE
	EndGlobalSection
	GlobalSection(ExtensibilityGlobals) = postSolution
		SolutionGuid = {8C305B10-C623-4AB3-9235-EEE8BAA333C6}
	EndGlobalSection
EndGlobal
